
Microsoft Visual Studio Solution File, Format Version 12.00
# Visual Studio Version 17
VisualStudioVersion = 17.7.34024.191
MinimumVisualStudioVersion = 10.0.40219.1
Project("{8BC9CEB8-8B4A-11D0-8D11-00A0C91BC942}") = "Project2", "Project2\Project2.vcxproj", "{F2B817C8-CD3F-45D4-9AED-A0BDD0D44751}"
EndProject
Project("{8BC9CEB8-8B4A-11D0-8D11-00A0C91BC942}") = "Project3", "Project3\Project3.vcxproj", "{AAEC8573-065E-4A13-BD09-14BD9E764DEF}"
EndProject
Project("{8BC9CEB8-8B4A-11D0-8D11-00A0C91BC942}") = "Project4", "Project4\Project4.vcxproj", "{1967CF71-329C-4FBA-961C-C8CAD0C2942B}"
EndProject
Project("{8BC9CEB8-8B4A-11D0-8D11-00A0C91BC942}") = "Project1", "Project1\Project1.vcxproj", "{5A852008-8F1B-42BB-B4ED-5D090F0FCAB6}"
EndProject
Project("{8BC9CEB8-8B4A-11D0-8D11-00A0C91BC942}") = "Project5", "Project5\Project5.vcxproj", "{4BADC332-F978-40B3-82BF-FA5D35C99FFB}"
EndProject
Project("{8BC9CEB8-8B4A-11D0-8D11-00A0C91BC942}") = "Project6", "Project6\Project6.vcxproj", "{628E1581-F2EF-4A80-81E3-A7D712FF8EBE}"
EndProject
Project("{8BC9CEB8-8B4A-11D0-8D11-00A0C91BC942}") = "Project7", "Project7\Project7.vcxproj", "{FA740990-08DF-49B7-BD30-81C2AEB0E128}"
EndProject
Project("{8BC9CEB8-8B4A-11D0-8D11-00A0C91BC942}") = "Project8", "Project8\Project8.vcxproj", "{FDF82616-29F0-4D13-8EDD-FECC3C8CEED5}"
EndProject
Project("{8BC9CEB8-8B4A-11D0-8D11-00A0C91BC942}") = "Project9", "Project9\Project9.vcxproj", "{BB817173-9B1D-4FF3-BE2B-FCF90CE5FA03}"
EndProject
Project("{8BC9CEB8-8B4A-11D0-8D11-00A0C91BC942}") = "Project10", "Project10\Project10.vcxproj", "{36AC4821-B1F6-4117-AAB6-44E1BCA178FC}"
EndProject
Project("{8BC9CEB8-8B4A-11D0-8D11-00A0C91BC942}") = "Project11", "Project11\Project11.vcxproj", "{95D8F420-6EDA-4734-92B3-8FF30BA1E1C7}"
EndProject
Project("{8BC9CEB8-8B4A-11D0-8D11-00A0C91BC942}") = "Project12", "Project12\Project12.vcxproj", "{A8890AC0-B65A-41D8-AA91-985B6E98A3DB}"
EndProject
Project("{8BC9CEB8-8B4A-11D0-8D11-00A0C91BC942}") = "Project13", "Project13\Project13.vcxproj", "{B8F68C68-7C22-4D14-AC2F-B636787890FA}"
EndProject
Project("{8BC9CEB8-8B4A-11D0-8D11-00A0C91BC942}") = "Project14", "Project14\Project14.vcxproj", "{97861A80-8DE3-4AF8-BB9E-A188ED0604A3}"
EndProject
Project("{8BC9CEB8-8B4A-11D0-8D11-00A0C91BC942}") = "Project15", "Project15\Project15.vcxproj", "{30BA567E-3B8A-4570-B966-9E501692AE53}"
EndProject
Project("{8BC9CEB8-8B4A-11D0-8D11-00A0C91BC942}") = "Project16", "Project16\Project16.vcxproj", "{1D2AB50F-A9E3-4B1C-8970-96F0AE1EF740}"
EndProject
Global
	GlobalSection(SolutionConfigurationPlatforms) = preSolution
		Debug|x64 = Debug|x64
		Debug|x86 = Debug|x86
		Release|x64 = Release|x64
		Release|x86 = Release|x86
	EndGlobalSection
	GlobalSection(ProjectConfigurationPlatforms) = postSolution
		{F2B817C8-CD3F-45D4-9AED-A0BDD0D44751}.Debug|x64.ActiveCfg = Debug|x64
		{F2B817C8-CD3F-45D4-9AED-A0BDD0D44751}.Debug|x64.Build.0 = Debug|x64
		{F2B817C8-CD3F-45D4-9AED-A0BDD0D44751}.Debug|x86.ActiveCfg = Debug|Win32
		{F2B817C8-CD3F-45D4-9AED-A0BDD0D44751}.Debug|x86.Build.0 = Debug|Win32
		{F2B817C8-CD3F-45D4-9AED-A0BDD0D44751}.Release|x64.ActiveCfg = Release|x64
		{F2B817C8-CD3F-45D4-9AED-A0BDD0D44751}.Release|x64.Build.0 = Release|x64
		{F2B817C8-CD3F-45D4-9AED-A0BDD0D44751}.Release|x86.ActiveCfg = Release|Win32
		{F2B817C8-CD3F-45D4-9AED-A0BDD0D44751}.Release|x86.Build.0 = Release|Win32
		{AAEC8573-065E-4A13-BD09-14BD9E764DEF}.Debug|x64.ActiveCfg = Debug|x64
		{AAEC8573-065E-4A13-BD09-14BD9E764DEF}.Debug|x64.Build.0 = Debug|x64
		{AAEC8573-065E-4A13-BD09-14BD9E764DEF}.Debug|x86.ActiveCfg = Debug|Win32
		{AAEC8573-065E-4A13-BD09-14BD9E764DEF}.Debug|x86.Build.0 = Debug|Win32
		{AAEC8573-065E-4A13-BD09-14BD9E764DEF}.Release|x64.ActiveCfg = Release|x64
		{AAEC8573-065E-4A13-BD09-14BD9E764DEF}.Release|x64.Build.0 = Release|x64
		{AAEC8573-065E-4A13-BD09-14BD9E764DEF}.Release|x86.ActiveCfg = Release|Win32
		{AAEC8573-065E-4A13-BD09-14BD9E764DEF}.Release|x86.Build.0 = Release|Win32
		{1967CF71-329C-4FBA-961C-C8CAD0C2942B}.Debug|x64.ActiveCfg = Debug|x64
		{1967CF71-329C-4FBA-961C-C8CAD0C2942B}.Debug|x64.Build.0 = Debug|x64
		{1967CF71-329C-4FBA-961C-C8CAD0C2942B}.Debug|x86.ActiveCfg = Debug|Win32
		{1967CF71-329C-4FBA-961C-C8CAD0C2942B}.Debug|x86.Build.0 = Debug|Win32
		{1967CF71-329C-4FBA-961C-C8CAD0C2942B}.Release|x64.ActiveCfg = Release|x64
		{1967CF71-329C-4FBA-961C-C8CAD0C2942B}.Release|x64.Build.0 = Release|x64
		{1967CF71-329C-4FBA-961C-C8CAD0C2942B}.Release|x86.ActiveCfg = Release|Win32
		{1967CF71-329C-4FBA-961C-C8CAD0C2942B}.Release|x86.Build.0 = Release|Win32
		{5A852008-8F1B-42BB-B4ED-5D090F0FCAB6}.Debug|x64.ActiveCfg = Debug|x64
		{5A852008-8F1B-42BB-B4ED-5D090F0FCAB6}.Debug|x64.Build.0 = Debug|x64
		{5A852008-8F1B-42BB-B4ED-5D090F0FCAB6}.Debug|x86.ActiveCfg = Debug|Win32
		{5A852008-8F1B-42BB-B4ED-5D090F0FCAB6}.Debug|x86.Build.0 = Debug|Win32
		{5A852008-8F1B-42BB-B4ED-5D090F0FCAB6}.Release|x64.ActiveCfg = Release|x64
		{5A852008-8F1B-42BB-B4ED-5D090F0FCAB6}.Release|x64.Build.0 = Release|x64
		{5A852008-8F1B-42BB-B4ED-5D090F0FCAB6}.Release|x86.ActiveCfg = Release|Win32
		{5A852008-8F1B-42BB-B4ED-5D090F0FCAB6}.Release|x86.Build.0 = Release|Win32
		{4BADC332-F978-40B3-82BF-FA5D35C99FFB}.Debug|x64.ActiveCfg = Debug|x64
		{4BADC332-F978-40B3-82BF-FA5D35C99FFB}.Debug|x64.Build.0 = Debug|x64
		{4BADC332-F978-40B3-82BF-FA5D35C99FFB}.Debug|x86.ActiveCfg = Debug|Win32
		{4BADC332-F978-40B3-82BF-FA5D35C99FFB}.Debug|x86.Build.0 = Debug|Win32
		{4BADC332-F978-40B3-82BF-FA5D35C99FFB}.Release|x64.ActiveCfg = Release|x64
		{4BADC332-F978-40B3-82BF-FA5D35C99FFB}.Release|x64.Build.0 = Release|x64
		{4BADC332-F978-40B3-82BF-FA5D35C99FFB}.Release|x86.ActiveCfg = Release|Win32
		{4BADC332-F978-40B3-82BF-FA5D35C99FFB}.Release|x86.Build.0 = Release|Win32
		{628E1581-F2EF-4A80-81E3-A7D712FF8EBE}.Debug|x64.ActiveCfg = Debug|x64
		{628E1581-F2EF-4A80-81E3-A7D712FF8EBE}.Debug|x64.Build.0 = Debug|x64
		{628E1581-F2EF-4A80-81E3-A7D712FF8EBE}.Debug|x86.ActiveCfg = Debug|Win32
		{628E1581-F2EF-4A80-81E3-A7D712FF8EBE}.Debug|x86.Build.0 = Debug|Win32
		{628E1581-F2EF-4A80-81E3-A7D712FF8EBE}.Release|x64.ActiveCfg = Release|x64
		{628E1581-F2EF-4A80-81E3-A7D712FF8EBE}.Release|x64.Build.0 = Release|x64
		{628E1581-F2EF-4A80-81E3-A7D712FF8EBE}.Release|x86.ActiveCfg = Release|Win32
		{628E1581-F2EF-4A80-81E3-A7D712FF8EBE}.Release|x86.Build.0 = Release|Win32
		{FA740990-08DF-49B7-BD30-81C2AEB0E128}.Debug|x64.ActiveCfg = Debug|x64
		{FA740990-08DF-49B7-BD30-81C2AEB0E128}.Debug|x64.Build.0 = Debug|x64
		{FA740990-08DF-49B7-BD30-81C2AEB0E128}.Debug|x86.ActiveCfg = Debug|Win32
		{FA740990-08DF-49B7-BD30-81C2AEB0E128}.Debug|x86.Build.0 = Debug|Win32
		{FA740990-08DF-49B7-BD30-81C2AEB0E128}.Release|x64.ActiveCfg = Release|x64
		{FA740990-08DF-49B7-BD30-81C2AEB0E128}.Release|x64.Build.0 = Release|x64
		{FA740990-08DF-49B7-BD30-81C2AEB0E128}.Release|x86.ActiveCfg = Release|Win32
		{FA740990-08DF-49B7-BD30-81C2AEB0E128}.Release|x86.Build.0 = Release|Win32
		{FDF82616-29F0-4D13-8EDD-FECC3C8CEED5}.Debug|x64.ActiveCfg = Debug|x64
		{FDF82616-29F0-4D13-8EDD-FECC3C8CEED5}.Debug|x64.Build.0 = Debug|x64
		{FDF82616-29F0-4D13-8EDD-FECC3C8CEED5}.Debug|x86.ActiveCfg = Debug|Win32
		{FDF82616-29F0-4D13-8EDD-FECC3C8CEED5}.Debug|x86.Build.0 = Debug|Win32
		{FDF82616-29F0-4D13-8EDD-FECC3C8CEED5}.Release|x64.ActiveCfg = Release|x64
		{FDF82616-29F0-4D13-8EDD-FECC3C8CEED5}.Release|x64.Build.0 = Release|x64
		{FDF82616-29F0-4D13-8EDD-FECC3C8CEED5}.Release|x86.ActiveCfg = Release|Win32
		{FDF82616-29F0-4D13-8EDD-FECC3C8CEED5}.Release|x86.Build.0 = Release|Win32
		{BB817173-9B1D-4FF3-BE2B-FCF90CE5FA03}.Debug|x64.ActiveCfg = Debug|x64
		{BB817173-9B1D-4FF3-BE2B-FCF90CE5FA03}.Debug|x64.Build.0 = Debug|x64
		{BB817173-9B1D-4FF3-BE2B-FCF90CE5FA03}.Debug|x86.ActiveCfg = Debug|Win32
		{BB817173-9B1D-4FF3-BE2B-FCF90CE5FA03}.Debug|x86.Build.0 = Debug|Win32
		{BB817173-9B1D-4FF3-BE2B-FCF90CE5FA03}.Release|x64.ActiveCfg = Release|x64
		{BB817173-9B1D-4FF3-BE2B-FCF90CE5FA03}.Release|x64.Build.0 = Release|x64
		{BB817173-9B1D-4FF3-BE2B-FCF90CE5FA03}.Release|x86.ActiveCfg = Release|Win32
		{BB817173-9B1D-4FF3-BE2B-FCF90CE5FA03}.Release|x86.Build.0 = Release|Win32
		{36AC4821-B1F6-4117-AAB6-44E1BCA178FC}.Debug|x64.ActiveCfg = Debug|x64
		{36AC4821-B1F6-4117-AAB6-44E1BCA178FC}.Debug|x64.Build.0 = Debug|x64
		{36AC4821-B1F6-4117-AAB6-44E1BCA178FC}.Debug|x86.ActiveCfg = Debug|Win32
		{36AC4821-B1F6-4117-AAB6-44E1BCA178FC}.Debug|x86.Build.0 = Debug|Win32
		{36AC4821-B1F6-4117-AAB6-44E1BCA178FC}.Release|x64.ActiveCfg = Release|x64
		{36AC4821-B1F6-4117-AAB6-44E1BCA178FC}.Release|x64.Build.0 = Release|x64
		{36AC4821-B1F6-4117-AAB6-44E1BCA178FC}.Release|x86.ActiveCfg = Release|Win32
		{36AC4821-B1F6-4117-AAB6-44E1BCA178FC}.Release|x86.Build.0 = Release|Win32
		{95D8F420-6EDA-4734-92B3-8FF30BA1E1C7}.Debug|x64.ActiveCfg = Debug|x64
		{95D8F420-6EDA-4734-92B3-8FF30BA1E1C7}.Debug|x64.Build.0 = Debug|x64
		{95D8F420-6EDA-4734-92B3-8FF30BA1E1C7}.Debug|x86.ActiveCfg = Debug|Win32
		{95D8F420-6EDA-4734-92B3-8FF30BA1E1C7}.Debug|x86.Build.0 = Debug|Win32
		{95D8F420-6EDA-4734-92B3-8FF30BA1E1C7}.Release|x64.ActiveCfg = Release|x64
		{95D8F420-6EDA-4734-92B3-8FF30BA1E1C7}.Release|x64.Build.0 = Release|x64
		{95D8F420-6EDA-4734-92B3-8FF30BA1E1C7}.Release|x86.ActiveCfg = Release|Win32
		{95D8F420-6EDA-4734-92B3-8FF30BA1E1C7}.Release|x86.Build.0 = Release|Win32
		{A8890AC0-B65A-41D8-AA91-985B6E98A3DB}.Debug|x64.ActiveCfg = Debug|x64
		{A8890AC0-B65A-41D8-AA91-985B6E98A3DB}.Debug|x64.Build.0 = Debug|x64
		{A8890AC0-B65A-41D8-AA91-985B6E98A3DB}.Debug|x86.ActiveCfg = Debug|Win32
		{A8890AC0-B65A-41D8-AA91-985B6E98A3DB}.Debug|x86.Build.0 = Debug|Win32
		{A8890AC0-B65A-41D8-AA91-985B6E98A3DB}.Release|x64.ActiveCfg = Release|x64
		{A8890AC0-B65A-41D8-AA91-985B6E98A3DB}.Release|x64.Build.0 = Release|x64
		{A8890AC0-B65A-41D8-AA91-985B6E98A3DB}.Release|x86.ActiveCfg = Release|Win32
		{A8890AC0-B65A-41D8-AA91-985B6E98A3DB}.Release|x86.Build.0 = Release|Win32
		{B8F68C68-7C22-4D14-AC2F-B636787890FA}.Debug|x64.ActiveCfg = Debug|x64
		{B8F68C68-7C22-4D14-AC2F-B636787890FA}.Debug|x64.Build.0 = Debug|x64
		{B8F68C68-7C22-4D14-AC2F-B636787890FA}.Debug|x86.ActiveCfg = Debug|Win32
		{B8F68C68-7C22-4D14-AC2F-B636787890FA}.Debug|x86.Build.0 = Debug|Win32
		{B8F68C68-7C22-4D14-AC2F-B636787890FA}.Release|x64.ActiveCfg = Release|x64
		{B8F68C68-7C22-4D14-AC2F-B636787890FA}.Release|x64.Build.0 = Release|x64
		{B8F68C68-7C22-4D14-AC2F-B636787890FA}.Release|x86.ActiveCfg = Release|Win32
		{B8F68C68-7C22-4D14-AC2F-B636787890FA}.Release|x86.Build.0 = Release|Win32
		{97861A80-8DE3-4AF8-BB9E-A188ED0604A3}.Debug|x64.ActiveCfg = Debug|x64
		{97861A80-8DE3-4AF8-BB9E-A188ED0604A3}.Debug|x64.Build.0 = Debug|x64
		{97861A80-8DE3-4AF8-BB9E-A188ED0604A3}.Debug|x86.ActiveCfg = Debug|Win32
		{97861A80-8DE3-4AF8-BB9E-A188ED0604A3}.Debug|x86.Build.0 = Debug|Win32
		{97861A80-8DE3-4AF8-BB9E-A188ED0604A3}.Release|x64.ActiveCfg = Release|x64
		{97861A80-8DE3-4AF8-BB9E-A188ED0604A3}.Release|x64.Build.0 = Release|x64
		{97861A80-8DE3-4AF8-BB9E-A188ED0604A3}.Release|x86.ActiveCfg = Release|Win32
		{97861A80-8DE3-4AF8-BB9E-A188ED0604A3}.Release|x86.Build.0 = Release|Win32
		{30BA567E-3B8A-4570-B966-9E501692AE53}.Debug|x64.ActiveCfg = Debug|x64
		{30BA567E-3B8A-4570-B966-9E501692AE53}.Debug|x64.Build.0 = Debug|x64
		{30BA567E-3B8A-4570-B966-9E501692AE53}.Debug|x86.ActiveCfg = Debug|Win32
		{30BA567E-3B8A-4570-B966-9E501692AE53}.Debug|x86.Build.0 = Debug|Win32
		{30BA567E-3B8A-4570-B966-9E501692AE53}.Release|x64.ActiveCfg = Release|x64
		{30BA567E-3B8A-4570-B966-9E501692AE53}.Release|x64.Build.0 = Release|x64
		{30BA567E-3B8A-4570-B966-9E501692AE53}.Release|x86.ActiveCfg = Release|Win32
		{30BA567E-3B8A-4570-B966-9E501692AE53}.Release|x86.Build.0 = Release|Win32
		{1D2AB50F-A9E3-4B1C-8970-96F0AE1EF740}.Debug|x64.ActiveCfg = Debug|x64
		{1D2AB50F-A9E3-4B1C-8970-96F0AE1EF740}.Debug|x64.Build.0 = Debug|x64
		{1D2AB50F-A9E3-4B1C-8970-96F0AE1EF740}.Debug|x86.ActiveCfg = Debug|Win32
		{1D2AB50F-A9E3-4B1C-8970-96F0AE1EF740}.Debug|x86.Build.0 = Debug|Win32
		{1D2AB50F-A9E3-4B1C-8970-96F0AE1EF740}.Release|x64.ActiveCfg = Release|x64
		{1D2AB50F-A9E3-4B1C-8970-96F0AE1EF740}.Release|x64.Build.0 = Release|x64
		{1D2AB50F-A9E3-4B1C-8970-96F0AE1EF740}.Release|x86.ActiveCfg = Release|Win32
		{1D2AB50F-A9E3-4B1C-8970-96F0AE1EF740}.Release|x86.Build.0 = Release|Win32
	EndGlobalSection
	GlobalSection(SolutionProperties) = preSolution
		HideSolutionNode = FALSE
	EndGlobalSection
	GlobalSection(ExtensibilityGlobals) = postSolution
		SolutionGuid = {844E073E-2AEE-4786-B64E-A3364AF83A33}
	EndGlobalSection
EndGlobal
