
Microsoft Visual Studio Solution File, Format Version 12.00
# Visual Studio Version 17
VisualStudioVersion = 17.7.34024.191
MinimumVisualStudioVersion = 10.0.40219.1
Project("{8BC9CEB8-8B4A-11D0-8D11-00A0C91BC942}") = "Project1", "Project1\Project1.vcxproj", "{973D3253-0012-4457-B0AE-7415A4B63845}"
EndProject
Project("{8BC9CEB8-8B4A-11D0-8D11-00A0C91BC942}") = "Project2", "Project2\Project2.vcxproj", "{C537DDA3-82A6-4BED-8458-7B203C2B3F20}"
EndProject
Project("{8BC9CEB8-8B4A-11D0-8D11-00A0C91BC942}") = "Project3", "Project3\Project3.vcxproj", "{C3C80DB2-02E2-4ED9-B96C-7F3EA50E04E9}"
EndProject
Project("{8BC9CEB8-8B4A-11D0-8D11-00A0C91BC942}") = "Project4", "Project4\Project4.vcxproj", "{680F232D-4E7B-4F4E-9F96-601CD646F181}"
EndProject
Project("{8BC9CEB8-8B4A-11D0-8D11-00A0C91BC942}") = "Project5", "Project5\Project5.vcxproj", "{E65B6EDA-6724-4E0C-86A4-B45AC472FF46}"
EndProject
Project("{8BC9CEB8-8B4A-11D0-8D11-00A0C91BC942}") = "Project6", "Project6\Project6.vcxproj", "{A6FD8AED-4EF6-4FAD-8D80-778913CA0F26}"
EndProject
Project("{8BC9CEB8-8B4A-11D0-8D11-00A0C91BC942}") = "Project7", "Project7\Project7.vcxproj", "{75713C11-ED76-41B6-B018-833CFD052287}"
EndProject
Global
	GlobalSection(SolutionConfigurationPlatforms) = preSolution
		Debug|x64 = Debug|x64
		Debug|x86 = Debug|x86
		Release|x64 = Release|x64
		Release|x86 = Release|x86
	EndGlobalSection
	GlobalSection(ProjectConfigurationPlatforms) = postSolution
		{973D3253-0012-4457-B0AE-7415A4B63845}.Debug|x64.ActiveCfg = Debug|x64
		{973D3253-0012-4457-B0AE-7415A4B63845}.Debug|x64.Build.0 = Debug|x64
		{973D3253-0012-4457-B0AE-7415A4B63845}.Debug|x86.ActiveCfg = Debug|Win32
		{973D3253-0012-4457-B0AE-7415A4B63845}.Debug|x86.Build.0 = Debug|Win32
		{973D3253-0012-4457-B0AE-7415A4B63845}.Release|x64.ActiveCfg = Release|x64
		{973D3253-0012-4457-B0AE-7415A4B63845}.Release|x64.Build.0 = Release|x64
		{973D3253-0012-4457-B0AE-7415A4B63845}.Release|x86.ActiveCfg = Release|Win32
		{973D3253-0012-4457-B0AE-7415A4B63845}.Release|x86.Build.0 = Release|Win32
		{C537DDA3-82A6-4BED-8458-7B203C2B3F20}.Debug|x64.ActiveCfg = Debug|x64
		{C537DDA3-82A6-4BED-8458-7B203C2B3F20}.Debug|x64.Build.0 = Debug|x64
		{C537DDA3-82A6-4BED-8458-7B203C2B3F20}.Debug|x86.ActiveCfg = Debug|Win32
		{C537DDA3-82A6-4BED-8458-7B203C2B3F20}.Debug|x86.Build.0 = Debug|Win32
		{C537DDA3-82A6-4BED-8458-7B203C2B3F20}.Release|x64.ActiveCfg = Release|x64
		{C537DDA3-82A6-4BED-8458-7B203C2B3F20}.Release|x64.Build.0 = Release|x64
		{C537DDA3-82A6-4BED-8458-7B203C2B3F20}.Release|x86.ActiveCfg = Release|Win32
		{C537DDA3-82A6-4BED-8458-7B203C2B3F20}.Release|x86.Build.0 = Release|Win32
		{C3C80DB2-02E2-4ED9-B96C-7F3EA50E04E9}.Debug|x64.ActiveCfg = Debug|x64
		{C3C80DB2-02E2-4ED9-B96C-7F3EA50E04E9}.Debug|x64.Build.0 = Debug|x64
		{C3C80DB2-02E2-4ED9-B96C-7F3EA50E04E9}.Debug|x86.ActiveCfg = Debug|Win32
		{C3C80DB2-02E2-4ED9-B96C-7F3EA50E04E9}.Debug|x86.Build.0 = Debug|Win32
		{C3C80DB2-02E2-4ED9-B96C-7F3EA50E04E9}.Release|x64.ActiveCfg = Release|x64
		{C3C80DB2-02E2-4ED9-B96C-7F3EA50E04E9}.Release|x64.Build.0 = Release|x64
		{C3C80DB2-02E2-4ED9-B96C-7F3EA50E04E9}.Release|x86.ActiveCfg = Release|Win32
		{C3C80DB2-02E2-4ED9-B96C-7F3EA50E04E9}.Release|x86.Build.0 = Release|Win32
		{680F232D-4E7B-4F4E-9F96-601CD646F181}.Debug|x64.ActiveCfg = Debug|x64
		{680F232D-4E7B-4F4E-9F96-601CD646F181}.Debug|x64.Build.0 = Debug|x64
		{680F232D-4E7B-4F4E-9F96-601CD646F181}.Debug|x86.ActiveCfg = Debug|Win32
		{680F232D-4E7B-4F4E-9F96-601CD646F181}.Debug|x86.Build.0 = Debug|Win32
		{680F232D-4E7B-4F4E-9F96-601CD646F181}.Release|x64.ActiveCfg = Release|x64
		{680F232D-4E7B-4F4E-9F96-601CD646F181}.Release|x64.Build.0 = Release|x64
		{680F232D-4E7B-4F4E-9F96-601CD646F181}.Release|x86.ActiveCfg = Release|Win32
		{680F232D-4E7B-4F4E-9F96-601CD646F181}.Release|x86.Build.0 = Release|Win32
		{E65B6EDA-6724-4E0C-86A4-B45AC472FF46}.Debug|x64.ActiveCfg = Debug|x64
		{E65B6EDA-6724-4E0C-86A4-B45AC472FF46}.Debug|x64.Build.0 = Debug|x64
		{E65B6EDA-6724-4E0C-86A4-B45AC472FF46}.Debug|x86.ActiveCfg = Debug|Win32
		{E65B6EDA-6724-4E0C-86A4-B45AC472FF46}.Debug|x86.Build.0 = Debug|Win32
		{E65B6EDA-6724-4E0C-86A4-B45AC472FF46}.Release|x64.ActiveCfg = Release|x64
		{E65B6EDA-6724-4E0C-86A4-B45AC472FF46}.Release|x64.Build.0 = Release|x64
		{E65B6EDA-6724-4E0C-86A4-B45AC472FF46}.Release|x86.ActiveCfg = Release|Win32
		{E65B6EDA-6724-4E0C-86A4-B45AC472FF46}.Release|x86.Build.0 = Release|Win32
		{A6FD8AED-4EF6-4FAD-8D80-778913CA0F26}.Debug|x64.ActiveCfg = Debug|x64
		{A6FD8AED-4EF6-4FAD-8D80-778913CA0F26}.Debug|x64.Build.0 = Debug|x64
		{A6FD8AED-4EF6-4FAD-8D80-778913CA0F26}.Debug|x86.ActiveCfg = Debug|Win32
		{A6FD8AED-4EF6-4FAD-8D80-778913CA0F26}.Debug|x86.Build.0 = Debug|Win32
		{A6FD8AED-4EF6-4FAD-8D80-778913CA0F26}.Release|x64.ActiveCfg = Release|x64
		{A6FD8AED-4EF6-4FAD-8D80-778913CA0F26}.Release|x64.Build.0 = Release|x64
		{A6FD8AED-4EF6-4FAD-8D80-778913CA0F26}.Release|x86.ActiveCfg = Release|Win32
		{A6FD8AED-4EF6-4FAD-8D80-778913CA0F26}.Release|x86.Build.0 = Release|Win32
		{75713C11-ED76-41B6-B018-833CFD052287}.Debug|x64.ActiveCfg = Debug|x64
		{75713C11-ED76-41B6-B018-833CFD052287}.Debug|x64.Build.0 = Debug|x64
		{75713C11-ED76-41B6-B018-833CFD052287}.Debug|x86.ActiveCfg = Debug|Win32
		{75713C11-ED76-41B6-B018-833CFD052287}.Debug|x86.Build.0 = Debug|Win32
		{75713C11-ED76-41B6-B018-833CFD052287}.Release|x64.ActiveCfg = Release|x64
		{75713C11-ED76-41B6-B018-833CFD052287}.Release|x64.Build.0 = Release|x64
		{75713C11-ED76-41B6-B018-833CFD052287}.Release|x86.ActiveCfg = Release|Win32
		{75713C11-ED76-41B6-B018-833CFD052287}.Release|x86.Build.0 = Release|Win32
	EndGlobalSection
	GlobalSection(SolutionProperties) = preSolution
		HideSolutionNode = FALSE
	EndGlobalSection
	GlobalSection(ExtensibilityGlobals) = postSolution
		SolutionGuid = {B97E45E7-4FAA-44D2-9D89-4541C77A139A}
	EndGlobalSection
EndGlobal
